
Microsoft Visual Studio Solution File, Format Version 12.00
Project("{FAE04EC0-301F-11D3-BF4B-00C04F79EFBC}") = "Refrigerator.API", "Refrigerator.API\Refrigerator.API.csproj", "{67265532-A522-4968-8E93-E0934A8B4924}"
EndProject
Project("{FAE04EC0-301F-11D3-BF4B-00C04F79EFBC}") = "Refrigerator.Domain", "Refrigerator.Domain\Refrigerator.Domain.csproj", "{BD4C347D-DE7E-48B4-8D23-744F7558A115}"
EndProject
Project("{FAE04EC0-301F-11D3-BF4B-00C04F79EFBC}") = "Refrigerator.Repository", "Refrigerator.Repository\Refrigerator.Repository.csproj", "{B54AC011-699F-4D0C-9D14-E34937AECAF9}"
EndProject
Project("{FAE04EC0-301F-11D3-BF4B-00C04F79EFBC}") = "Refrigerator.Contracts", "Refrigerator.Contracts\Refrigerator.Contracts.csproj", "{D79566DA-02AC-4063-B936-EEF7443F54DE}"
EndProject
Project("{FAE04EC0-301F-11D3-BF4B-00C04F79EFBC}") = "Refrigerator.Shared", "Refrigerator.Shared\Refrigerator.Shared.csproj", "{1D79314C-3DEB-4FA2-B6BB-3610547A8C68}"
EndProject
Project("{FAE04EC0-301F-11D3-BF4B-00C04F79EFBC}") = "Refrigerator.Service", "Refrigerator.Service\Refrigerator.Service.csproj", "{3429BB81-E958-4031-8EE5-63C01A002A29}"
EndProject
Project("{FAE04EC0-301F-11D3-BF4B-00C04F79EFBC}") = "Refrigerator.Presentation", "Refrigerator.Presentation\Refrigerator.Presentation.csproj", "{FA536434-1120-484F-AA09-BE756602451B}"
EndProject
Global
	GlobalSection(SolutionConfigurationPlatforms) = preSolution
		Debug|Any CPU = Debug|Any CPU
		Release|Any CPU = Release|Any CPU
	EndGlobalSection
	GlobalSection(ProjectConfigurationPlatforms) = postSolution
		{67265532-A522-4968-8E93-E0934A8B4924}.Debug|Any CPU.ActiveCfg = Debug|Any CPU
		{67265532-A522-4968-8E93-E0934A8B4924}.Debug|Any CPU.Build.0 = Debug|Any CPU
		{67265532-A522-4968-8E93-E0934A8B4924}.Release|Any CPU.ActiveCfg = Release|Any CPU
		{67265532-A522-4968-8E93-E0934A8B4924}.Release|Any CPU.Build.0 = Release|Any CPU
		{BD4C347D-DE7E-48B4-8D23-744F7558A115}.Debug|Any CPU.ActiveCfg = Debug|Any CPU
		{BD4C347D-DE7E-48B4-8D23-744F7558A115}.Debug|Any CPU.Build.0 = Debug|Any CPU
		{BD4C347D-DE7E-48B4-8D23-744F7558A115}.Release|Any CPU.ActiveCfg = Release|Any CPU
		{BD4C347D-DE7E-48B4-8D23-744F7558A115}.Release|Any CPU.Build.0 = Release|Any CPU
		{B54AC011-699F-4D0C-9D14-E34937AECAF9}.Debug|Any CPU.ActiveCfg = Debug|Any CPU
		{B54AC011-699F-4D0C-9D14-E34937AECAF9}.Debug|Any CPU.Build.0 = Debug|Any CPU
		{B54AC011-699F-4D0C-9D14-E34937AECAF9}.Release|Any CPU.ActiveCfg = Release|Any CPU
		{B54AC011-699F-4D0C-9D14-E34937AECAF9}.Release|Any CPU.Build.0 = Release|Any CPU
		{D79566DA-02AC-4063-B936-EEF7443F54DE}.Debug|Any CPU.ActiveCfg = Debug|Any CPU
		{D79566DA-02AC-4063-B936-EEF7443F54DE}.Debug|Any CPU.Build.0 = Debug|Any CPU
		{D79566DA-02AC-4063-B936-EEF7443F54DE}.Release|Any CPU.ActiveCfg = Release|Any CPU
		{D79566DA-02AC-4063-B936-EEF7443F54DE}.Release|Any CPU.Build.0 = Release|Any CPU
		{1D79314C-3DEB-4FA2-B6BB-3610547A8C68}.Debug|Any CPU.ActiveCfg = Debug|Any CPU
		{1D79314C-3DEB-4FA2-B6BB-3610547A8C68}.Debug|Any CPU.Build.0 = Debug|Any CPU
		{1D79314C-3DEB-4FA2-B6BB-3610547A8C68}.Release|Any CPU.ActiveCfg = Release|Any CPU
		{1D79314C-3DEB-4FA2-B6BB-3610547A8C68}.Release|Any CPU.Build.0 = Release|Any CPU
		{3429BB81-E958-4031-8EE5-63C01A002A29}.Debug|Any CPU.ActiveCfg = Debug|Any CPU
		{3429BB81-E958-4031-8EE5-63C01A002A29}.Debug|Any CPU.Build.0 = Debug|Any CPU
		{3429BB81-E958-4031-8EE5-63C01A002A29}.Release|Any CPU.ActiveCfg = Release|Any CPU
		{3429BB81-E958-4031-8EE5-63C01A002A29}.Release|Any CPU.Build.0 = Release|Any CPU
		{FA536434-1120-484F-AA09-BE756602451B}.Debug|Any CPU.ActiveCfg = Debug|Any CPU
		{FA536434-1120-484F-AA09-BE756602451B}.Debug|Any CPU.Build.0 = Debug|Any CPU
		{FA536434-1120-484F-AA09-BE756602451B}.Release|Any CPU.ActiveCfg = Release|Any CPU
		{FA536434-1120-484F-AA09-BE756602451B}.Release|Any CPU.Build.0 = Release|Any CPU
	EndGlobalSection
EndGlobal
